
Microsoft Visual Studio Solution File, Format Version 12.00
# Visual Studio Version 17
VisualStudioVersion = 17.1.32210.238
MinimumVisualStudioVersion = 10.0.40219.1
Project("{9A19103F-16F7-4668-BE54-9A1E7A4F7556}") = "TaxApi", "TaxApi\TaxApi.csproj", "{5C5A7F59-38C3-4C2E-8B9B-A85DFC67F63A}"
EndProject
Project("{2150E333-8FDC-42A3-9474-1A3956D46DE8}") = "Solution Items", "Solution Items", "{783FB301-267F-4339-A672-86FBAED31ACF}"
EndProject
Project("{FAE04EC0-301F-11D3-BF4B-00C04F79EFBC}") = "Tax.services", "Taxservices\Tax.services.csproj", "{68F5418E-8F1E-44FA-829A-ADB3897B81BF}"
EndProject
Global
	GlobalSection(SolutionConfigurationPlatforms) = preSolution
		Debug|Any CPU = Debug|Any CPU
		Release|Any CPU = Release|Any CPU
	EndGlobalSection
	GlobalSection(ProjectConfigurationPlatforms) = postSolution
		{5C5A7F59-38C3-4C2E-8B9B-A85DFC67F63A}.Debug|Any CPU.ActiveCfg = Debug|Any CPU
		{5C5A7F59-38C3-4C2E-8B9B-A85DFC67F63A}.Debug|Any CPU.Build.0 = Debug|Any CPU
		{5C5A7F59-38C3-4C2E-8B9B-A85DFC67F63A}.Release|Any CPU.ActiveCfg = Release|Any CPU
		{5C5A7F59-38C3-4C2E-8B9B-A85DFC67F63A}.Release|Any CPU.Build.0 = Release|Any CPU
		{68F5418E-8F1E-44FA-829A-ADB3897B81BF}.Debug|Any CPU.ActiveCfg = Debug|Any CPU
		{68F5418E-8F1E-44FA-829A-ADB3897B81BF}.Debug|Any CPU.Build.0 = Debug|Any CPU
		{68F5418E-8F1E-44FA-829A-ADB3897B81BF}.Release|Any CPU.ActiveCfg = Release|Any CPU
		{68F5418E-8F1E-44FA-829A-ADB3897B81BF}.Release|Any CPU.Build.0 = Release|Any CPU
	EndGlobalSection
	GlobalSection(SolutionProperties) = preSolution
		HideSolutionNode = FALSE
	EndGlobalSection
	GlobalSection(ExtensibilityGlobals) = postSolution
		SolutionGuid = {462EAF0E-9C5A-4A8F-9AA5-C89A08DDE740}
	EndGlobalSection
EndGlobal
