
Microsoft Visual Studio Solution File, Format Version 12.00
# Visual Studio Version 17
VisualStudioVersion = 17.2.32516.85
MinimumVisualStudioVersion = 10.0.40219.1
Project("{FAE04EC0-301F-11D3-BF4B-00C04F79EFBC}") = "TicTacToe.Game.Console", "TicTacToe.Game.Console\TicTacToe.Game.Console.csproj", "{27DB9805-FFA2-4BD1-A62D-AD480C1C5AA5}"
EndProject
Project("{FAE04EC0-301F-11D3-BF4B-00C04F79EFBC}") = "TicTacToe.Game.Services", "TicTacToe.Game.Services\TicTacToe.Game.Services.csproj", "{C7AEC227-38DA-45E2-88B5-39EB4531DEDA}"
EndProject
Global
	GlobalSection(SolutionConfigurationPlatforms) = preSolution
		Debug|Any CPU = Debug|Any CPU
		Release|Any CPU = Release|Any CPU
	EndGlobalSection
	GlobalSection(ProjectConfigurationPlatforms) = postSolution
		{27DB9805-FFA2-4BD1-A62D-AD480C1C5AA5}.Debug|Any CPU.ActiveCfg = Debug|Any CPU
		{27DB9805-FFA2-4BD1-A62D-AD480C1C5AA5}.Debug|Any CPU.Build.0 = Debug|Any CPU
		{27DB9805-FFA2-4BD1-A62D-AD480C1C5AA5}.Release|Any CPU.ActiveCfg = Release|Any CPU
		{27DB9805-FFA2-4BD1-A62D-AD480C1C5AA5}.Release|Any CPU.Build.0 = Release|Any CPU
		{C7AEC227-38DA-45E2-88B5-39EB4531DEDA}.Debug|Any CPU.ActiveCfg = Debug|Any CPU
		{C7AEC227-38DA-45E2-88B5-39EB4531DEDA}.Debug|Any CPU.Build.0 = Debug|Any CPU
		{C7AEC227-38DA-45E2-88B5-39EB4531DEDA}.Release|Any CPU.ActiveCfg = Release|Any CPU
		{C7AEC227-38DA-45E2-88B5-39EB4531DEDA}.Release|Any CPU.Build.0 = Release|Any CPU
	EndGlobalSection
	GlobalSection(SolutionProperties) = preSolution
		HideSolutionNode = FALSE
	EndGlobalSection
	GlobalSection(ExtensibilityGlobals) = postSolution
		SolutionGuid = {95D96A09-9102-4831-ABDC-0949234E5B26}
	EndGlobalSection
EndGlobal
