
Microsoft Visual Studio Solution File, Format Version 12.00
# Visual Studio Version 17
VisualStudioVersion = 17.1.32210.238
MinimumVisualStudioVersion = 10.0.40219.1
Project("{FAE04EC0-301F-11D3-BF4B-00C04F79EFBC}") = "TodoApi", "WebApi\TodoApi.csproj", "{E82C194C-6685-4769-91A5-36FE1CE4B987}"
EndProject
Global
	GlobalSection(SolutionConfigurationPlatforms) = preSolution
		Debug|Any CPU = Debug|Any CPU
		Release|Any CPU = Release|Any CPU
	EndGlobalSection
	GlobalSection(ProjectConfigurationPlatforms) = postSolution
		{E82C194C-6685-4769-91A5-36FE1CE4B987}.Debug|Any CPU.ActiveCfg = Debug|Any CPU
		{E82C194C-6685-4769-91A5-36FE1CE4B987}.Debug|Any CPU.Build.0 = Debug|Any CPU
		{E82C194C-6685-4769-91A5-36FE1CE4B987}.Release|Any CPU.ActiveCfg = Release|Any CPU
		{E82C194C-6685-4769-91A5-36FE1CE4B987}.Release|Any CPU.Build.0 = Release|Any CPU
	EndGlobalSection
	GlobalSection(SolutionProperties) = preSolution
		HideSolutionNode = FALSE
	EndGlobalSection
	GlobalSection(ExtensibilityGlobals) = postSolution
		SolutionGuid = {48BECDE6-339F-4460-AC36-C9674D89055E}
	EndGlobalSection
EndGlobal
