
Microsoft Visual Studio Solution File, Format Version 12.00
# Visual Studio 15
VisualStudioVersion = 15.0.28307.168
MinimumVisualStudioVersion = 10.0.40219.1
Project("{FAE04EC0-301F-11D3-BF4B-00C04F79EFBC}") = "WebApplication2", "WebApplication2\WebApplication2.csproj", "{C075EE04-6ADF-40A5-9618-8054C3BC4F93}"
EndProject
Project("{FAE04EC0-301F-11D3-BF4B-00C04F79EFBC}") = "Weather.Services", "Weather.Services\Weather.Services.csproj", "{CF65D504-D8D9-43D6-A059-3C64E2F74897}"
EndProject
Global
	GlobalSection(SolutionConfigurationPlatforms) = preSolution
		Debug|Any CPU = Debug|Any CPU
		Release|Any CPU = Release|Any CPU
	EndGlobalSection
	GlobalSection(ProjectConfigurationPlatforms) = postSolution
		{C075EE04-6ADF-40A5-9618-8054C3BC4F93}.Debug|Any CPU.ActiveCfg = Debug|Any CPU
		{C075EE04-6ADF-40A5-9618-8054C3BC4F93}.Debug|Any CPU.Build.0 = Debug|Any CPU
		{C075EE04-6ADF-40A5-9618-8054C3BC4F93}.Release|Any CPU.ActiveCfg = Release|Any CPU
		{C075EE04-6ADF-40A5-9618-8054C3BC4F93}.Release|Any CPU.Build.0 = Release|Any CPU
		{CF65D504-D8D9-43D6-A059-3C64E2F74897}.Debug|Any CPU.ActiveCfg = Debug|Any CPU
		{CF65D504-D8D9-43D6-A059-3C64E2F74897}.Debug|Any CPU.Build.0 = Debug|Any CPU
		{CF65D504-D8D9-43D6-A059-3C64E2F74897}.Release|Any CPU.ActiveCfg = Release|Any CPU
		{CF65D504-D8D9-43D6-A059-3C64E2F74897}.Release|Any CPU.Build.0 = Release|Any CPU
	EndGlobalSection
	GlobalSection(SolutionProperties) = preSolution
		HideSolutionNode = FALSE
	EndGlobalSection
	GlobalSection(ExtensibilityGlobals) = postSolution
		SolutionGuid = {B43B6CFC-8965-46E3-A360-C427837856F5}
	EndGlobalSection
EndGlobal
