
Microsoft Visual Studio Solution File, Format Version 12.00
# Visual Studio Version 17
VisualStudioVersion = 17.1.32210.238
MinimumVisualStudioVersion = 10.0.40219.1
Project("{FAE04EC0-301F-11D3-BF4B-00C04F79EFBC}") = "ContosoUniversity1", "ContosoUniversity1\ContosoUniversity1.csproj", "{CFB26298-8214-44E0-BAFC-984C15658934}"
EndProject
Global
	GlobalSection(SolutionConfigurationPlatforms) = preSolution
		Debug|Any CPU = Debug|Any CPU
		Release|Any CPU = Release|Any CPU
	EndGlobalSection
	GlobalSection(ProjectConfigurationPlatforms) = postSolution
		{CFB26298-8214-44E0-BAFC-984C15658934}.Debug|Any CPU.ActiveCfg = Debug|Any CPU
		{CFB26298-8214-44E0-BAFC-984C15658934}.Debug|Any CPU.Build.0 = Debug|Any CPU
		{CFB26298-8214-44E0-BAFC-984C15658934}.Release|Any CPU.ActiveCfg = Release|Any CPU
		{CFB26298-8214-44E0-BAFC-984C15658934}.Release|Any CPU.Build.0 = Release|Any CPU
	EndGlobalSection
	GlobalSection(SolutionProperties) = preSolution
		HideSolutionNode = FALSE
	EndGlobalSection
	GlobalSection(ExtensibilityGlobals) = postSolution
		SolutionGuid = {0149B61E-CE40-4F6A-BC6A-5D0F0C093A9F}
	EndGlobalSection
EndGlobal
